
Microsoft Visual Studio Solution File, Format Version 12.00
# Visual Studio Version 17
VisualStudioVersion = 17.3.32825.248
MinimumVisualStudioVersion = 10.0.40219.1
Project("{FAE04EC0-301F-11D3-BF4B-00C04F79EFBC}") = "ShopProtein", "ShopProtein\ShopProtein.csproj", "{507CF7CC-BA81-45DF-A92D-54846BB20B76}"
EndProject
Global
	GlobalSection(SolutionConfigurationPlatforms) = preSolution
		Debug|Any CPU = Debug|Any CPU
		Release|Any CPU = Release|Any CPU
	EndGlobalSection
	GlobalSection(ProjectConfigurationPlatforms) = postSolution
		{507CF7CC-BA81-45DF-A92D-54846BB20B76}.Debug|Any CPU.ActiveCfg = Debug|Any CPU
		{507CF7CC-BA81-45DF-A92D-54846BB20B76}.Debug|Any CPU.Build.0 = Debug|Any CPU
		{507CF7CC-BA81-45DF-A92D-54846BB20B76}.Release|Any CPU.ActiveCfg = Release|Any CPU
		{507CF7CC-BA81-45DF-A92D-54846BB20B76}.Release|Any CPU.Build.0 = Release|Any CPU
	EndGlobalSection
	GlobalSection(SolutionProperties) = preSolution
		HideSolutionNode = FALSE
	EndGlobalSection
	GlobalSection(ExtensibilityGlobals) = postSolution
		SolutionGuid = {C46829DB-70E2-4FD2-9347-D249CEFC1023}
	EndGlobalSection
EndGlobal
